<?xml version="1.0" encoding="utf-8"?>
<Project ToolsVersion="4.0" xmlns="http://schemas.microsoft.com/developer/msbuild/2003">
  <ItemGroup>
    <Filter Include="Source Files">
      <UniqueIdentifier>{4FC737F1-C7A5-4376-A066-2A32D752A2FF}</UniqueIdentifier>
      <Extensions>cpp;c;cc;cxx;def;odl;idl;hpj;bat;asm;asmx</Extensions>
    </Filter>
    <Filter Include="Header Files">
      <UniqueIdentifier>{93995380-89BD-4b04-88EB-625FBE52EBFB}</UniqueIdentifier>
      <Extensions>h;hh;hpp;hxx;hm;inl;inc;xsd</Extensions>
    </Filter>
    <Filter Include="Resource Files">
      <UniqueIdentifier>{67DA6AB6-F800-4c08-8B7A-83BB121AAD01}</UniqueIdentifier>
      <Extensions>rc;ico;cur;bmp;dlg;rc2;rct;bin;rgs;gif;jpg;jpeg;jpe;resx;tiff;tif;png;wav;mfcribbon-ms</Extensions>
    </Filter>
  </ItemGroup>
  <ItemGroup>
    <ClInclude Include="main\main.h">
      <Filter>Header Files</Filter>
    </ClInclude>
    <ClInclude Include="program\program.h">
      <Filter>Header Files</Filter>
    </ClInclude>
    <ClInclude Include="mainWindow\MainWindow.h">
      <Filter>Header Files</Filter>
    </ClInclude>
    <ClInclude Include="renderWindow\RenderWindow.h">
      <Filter>Header Files</Filter>
    </ClInclude>
    <ClInclude Include="theme\theme.h">
      <Filter>Header Files</Filter>
    </ClInclude>
    <ClInclude Include="storage\storage.h">
      <Filter>Header Files</Filter>
    </ClInclude>
    <ClInclude Include="controller\controller.h">
      <Filter>Header Files</Filter>
    </ClInclude>
    <ClInclude Include="modelLoader\modelLoader.h">
      <Filter>Header Files</Filter>
    </ClInclude>
    <ClInclude Include="statusbar\statusbar.h">
      <Filter>Header Files</Filter>
    </ClInclude>
    <ClInclude Include="pointCloud\pointCloud.h">
      <Filter>Header Files</Filter>
    </ClInclude>
    <ClInclude Include="pointCloud\glPointCloud.h">
      <Filter>Header Files</Filter>
    </ClInclude>
  </ItemGroup>
  <ItemGroup>
    <ClCompile Include="main\main.cpp">
      <Filter>Source Files</Filter>
    </ClCompile>
    <ClCompile Include="program\program.cpp">
      <Filter>Source Files</Filter>
    </ClCompile>
    <ClCompile Include="mainWindow\MainWindow.cpp">
      <Filter>Source Files</Filter>
    </ClCompile>
    <ClCompile Include="renderWindow\RenderWindow.cpp">
      <Filter>Source Files</Filter>
    </ClCompile>
    <ClCompile Include="theme\theme.cpp">
      <Filter>Source Files</Filter>
    </ClCompile>
    <ClCompile Include="storage\storage.cpp">
      <Filter>Source Files</Filter>
    </ClCompile>
    <ClCompile Include="controller\controller.cpp">
      <Filter>Source Files</Filter>
    </ClCompile>
    <ClCompile Include="controller\controller.events.cpp">
      <Filter>Source Files</Filter>
    </ClCompile>
    <ClCompile Include="modelLoader\modelLoader.cpp">
      <Filter>Source Files</Filter>
    </ClCompile>
    <ClCompile Include="statusbar\statusbar.cpp">
      <Filter>Source Files</Filter>
    </ClCompile>
    <ClCompile Include="pointCloud\glPointCloud.cpp">
      <Filter>Source Files</Filter>
    </ClCompile>
  </ItemGroup>
  <ItemGroup>
    <None Include="packages.config" />
  </ItemGroup>
</Project>